
Microsoft Visual Studio Solution File, Format Version 12.00
# Visual Studio Version 17
VisualStudioVersion = 17.11.35219.272
MinimumVisualStudioVersion = 10.0.40219.1
Project("{FAE04EC0-301F-11D3-BF4B-00C04F79EFBC}") = "BT02B", "BT02B.csproj", "{6DFD40E0-8992-45BD-99DE-D58B3E94F280}"
EndProject
Global
	GlobalSection(SolutionConfigurationPlatforms) = preSolution
		Debug|Any CPU = Debug|Any CPU
		Release|Any CPU = Release|Any CPU
	EndGlobalSection
	GlobalSection(ProjectConfigurationPlatforms) = postSolution
		{6DFD40E0-8992-45BD-99DE-D58B3E94F280}.Debug|Any CPU.ActiveCfg = Debug|Any CPU
		{6DFD40E0-8992-45BD-99DE-D58B3E94F280}.Debug|Any CPU.Build.0 = Debug|Any CPU
		{6DFD40E0-8992-45BD-99DE-D58B3E94F280}.Release|Any CPU.ActiveCfg = Release|Any CPU
		{6DFD40E0-8992-45BD-99DE-D58B3E94F280}.Release|Any CPU.Build.0 = Release|Any CPU
	EndGlobalSection
	GlobalSection(SolutionProperties) = preSolution
		HideSolutionNode = FALSE
	EndGlobalSection
	GlobalSection(ExtensibilityGlobals) = postSolution
		SolutionGuid = {2AC397D7-00B7-46F4-B888-33C8F532E8C4}
	EndGlobalSection
EndGlobal
