
Microsoft Visual Studio Solution File, Format Version 12.00
# Visual Studio Version 17
VisualStudioVersion = 17.11.35219.272
MinimumVisualStudioVersion = 10.0.40219.1
Project("{FAE04EC0-301F-11D3-BF4B-00C04F79EFBC}") = "BTVNLapTringweb", "BTVNLapTringweb.csproj", "{3DF8320A-3F44-4C83-B9A4-115CAB78CD55}"
EndProject
Global
	GlobalSection(SolutionConfigurationPlatforms) = preSolution
		Debug|Any CPU = Debug|Any CPU
		Release|Any CPU = Release|Any CPU
	EndGlobalSection
	GlobalSection(ProjectConfigurationPlatforms) = postSolution
		{3DF8320A-3F44-4C83-B9A4-115CAB78CD55}.Debug|Any CPU.ActiveCfg = Debug|Any CPU
		{3DF8320A-3F44-4C83-B9A4-115CAB78CD55}.Debug|Any CPU.Build.0 = Debug|Any CPU
		{3DF8320A-3F44-4C83-B9A4-115CAB78CD55}.Release|Any CPU.ActiveCfg = Release|Any CPU
		{3DF8320A-3F44-4C83-B9A4-115CAB78CD55}.Release|Any CPU.Build.0 = Release|Any CPU
	EndGlobalSection
	GlobalSection(SolutionProperties) = preSolution
		HideSolutionNode = FALSE
	EndGlobalSection
	GlobalSection(ExtensibilityGlobals) = postSolution
		SolutionGuid = {861CCFDF-713B-4306-AC8A-339B9A83B51B}
	EndGlobalSection
EndGlobal
